
Microsoft Visual Studio Solution File, Format Version 12.00
# Visual Studio Version 17
VisualStudioVersion = 17.6.33712.159
MinimumVisualStudioVersion = 10.0.40219.1
Project("{FAE04EC0-301F-11D3-BF4B-00C04F79EFBC}") = "UnitTestProject", "UnitTestProject\UnitTestProject.csproj", "{0F0E2F0D-94C3-4DED-AD5D-4A27E6F741C9}"
EndProject
Global
	GlobalSection(SolutionConfigurationPlatforms) = preSolution
		Debug|Any CPU = Debug|Any CPU
		Release|Any CPU = Release|Any CPU
	EndGlobalSection
	GlobalSection(ProjectConfigurationPlatforms) = postSolution
		{0F0E2F0D-94C3-4DED-AD5D-4A27E6F741C9}.Debug|Any CPU.ActiveCfg = Debug|Any CPU
		{0F0E2F0D-94C3-4DED-AD5D-4A27E6F741C9}.Debug|Any CPU.Build.0 = Debug|Any CPU
		{0F0E2F0D-94C3-4DED-AD5D-4A27E6F741C9}.Release|Any CPU.ActiveCfg = Release|Any CPU
		{0F0E2F0D-94C3-4DED-AD5D-4A27E6F741C9}.Release|Any CPU.Build.0 = Release|Any CPU
	EndGlobalSection
	GlobalSection(SolutionProperties) = preSolution
		HideSolutionNode = FALSE
	EndGlobalSection
	GlobalSection(ExtensibilityGlobals) = postSolution
		SolutionGuid = {2C4E20B1-6124-452F-A368-17787EE6C77B}
	EndGlobalSection
EndGlobal
